// !$*UTF8*$!
{
	archiveVersion = 1;
	classes = {
	};
	objectVersion = 46;
	objects = {

/* Begin PBXBuildFile section */
		620072231CF0936E000F0C2C /* RoundedCornersImageView.swift in Sources */ = {isa = PBXBuildFile; fileRef = 620072221CF0936E000F0C2C /* RoundedCornersImageView.swift */; };
		620072261CF0BFBC000F0C2C /* RoundedCornersView.swift in Sources */ = {isa = PBXBuildFile; fileRef = 620072251CF0BFBC000F0C2C /* RoundedCornersView.swift */; };
		620372501C66930300352617 /* AppDelegate.swift in Sources */ = {isa = PBXBuildFile; fileRef = 6203724F1C66930300352617 /* AppDelegate.swift */; };
		6203725D1C66930300352617 /* LaunchScreen.storyboard in Resources */ = {isa = PBXBuildFile; fileRef = 6203725B1C66930300352617 /* LaunchScreen.storyboard */; };
		620372681C66930400352617 /* DoctorBeaverTests.swift in Sources */ = {isa = PBXBuildFile; fileRef = 620372671C66930400352617 /* DoctorBeaverTests.swift */; };
		620372731C66930400352617 /* DoctorBeaverUITests.swift in Sources */ = {isa = PBXBuildFile; fileRef = 620372721C66930400352617 /* DoctorBeaverUITests.swift */; };
		620372891C66CE8A00352617 /* ScheduleViewController.swift in Sources */ = {isa = PBXBuildFile; fileRef = 620372881C66CE8A00352617 /* ScheduleViewController.swift */; };
		6203728C1C68137000352617 /* ImageAssets.xcassets in Resources */ = {isa = PBXBuildFile; fileRef = 6203728B1C68137000352617 /* ImageAssets.xcassets */; };
		620372901C69023900352617 /* TabBarController.swift in Sources */ = {isa = PBXBuildFile; fileRef = 6203728F1C69023900352617 /* TabBarController.swift */; };
		620372D11C6944CC00352617 /* ScheduleTableViewController.swift in Sources */ = {isa = PBXBuildFile; fileRef = 620372D01C6944CC00352617 /* ScheduleTableViewController.swift */; };
		620372D81C6A621000352617 /* ManyPetsCell.swift in Sources */ = {isa = PBXBuildFile; fileRef = 620372D71C6A621000352617 /* ManyPetsCell.swift */; };
		620372DA1C6AAC6800352617 /* HeaderCell.swift in Sources */ = {isa = PBXBuildFile; fileRef = 620372D91C6AAC6800352617 /* HeaderCell.swift */; };
		620373191C6BE98E00352617 /* UIColor.swift in Sources */ = {isa = PBXBuildFile; fileRef = 620373181C6BE98E00352617 /* UIColor.swift */; };
		620891021D01A57200F870FD /* TaskTypeViewController.swift in Sources */ = {isa = PBXBuildFile; fileRef = 620891011D01A57200F870FD /* TaskTypeViewController.swift */; };
		620891041D01ABF600F870FD /* MenuIconTitleCollectionCell.swift in Sources */ = {isa = PBXBuildFile; fileRef = 620891031D01ABF600F870FD /* MenuIconTitleCollectionCell.swift */; };
		621916761CEE3C6B00F073C7 /* RespondingTextField.swift in Sources */ = {isa = PBXBuildFile; fileRef = 621916751CEE3C6B00F073C7 /* RespondingTextField.swift */; };
		6219167B1CEF3DDF00F073C7 /* DecoratedNavigationBarView.swift in Sources */ = {isa = PBXBuildFile; fileRef = 621916791CEF3DDF00F073C7 /* DecoratedNavigationBarView.swift */; };
		6219167C1CEF3DDF00F073C7 /* DecoratedNavigationBarView.xib in Resources */ = {isa = PBXBuildFile; fileRef = 6219167A1CEF3DDF00F073C7 /* DecoratedNavigationBarView.xib */; };
		6219167E1CEF40EF00F073C7 /* PetImageViewController.swift in Sources */ = {isa = PBXBuildFile; fileRef = 6219167D1CEF40EF00F073C7 /* PetImageViewController.swift */; };
		621916801CEF96DA00F073C7 /* PetImageCell.swift in Sources */ = {isa = PBXBuildFile; fileRef = 6219167F1CEF96DA00F073C7 /* PetImageCell.swift */; };
		6219B4741CA06605006E4E14 /* JsonParser.swift in Sources */ = {isa = PBXBuildFile; fileRef = 6219B4731CA06605006E4E14 /* JsonParser.swift */; };
		6232B06C1C870B38007D7D23 /* StgComplexPickerCell.swift in Sources */ = {isa = PBXBuildFile; fileRef = 6232B06B1C870B38007D7D23 /* StgComplexPickerCell.swift */; };
		62386EC71CFB28C8001C0BA0 /* TableSectionHeaderView.swift in Sources */ = {isa = PBXBuildFile; fileRef = 62386EC61CFB28C8001C0BA0 /* TableSectionHeaderView.swift */; };
		62386ECB1CFB299F001C0BA0 /* TableSectionHeaderView.xib in Resources */ = {isa = PBXBuildFile; fileRef = 62386ECA1CFB299F001C0BA0 /* TableSectionHeaderView.xib */; };
		623B4FF11C7508B80016EC92 /* BasicPetCell.swift in Sources */ = {isa = PBXBuildFile; fileRef = 623B4FF01C7508B80016EC92 /* BasicPetCell.swift */; };
		623B4FF31C7648A50016EC92 /* TaskMenuViewController.swift in Sources */ = {isa = PBXBuildFile; fileRef = 623B4FF21C7648A50016EC92 /* TaskMenuViewController.swift */; };
		623B4FF71C76619C0016EC92 /* StgTitleValueCell.swift in Sources */ = {isa = PBXBuildFile; fileRef = 623B4FF61C76619C0016EC92 /* StgTitleValueCell.swift */; };
		623BCD691CAC701C00784705 /* DateHelper.swift in Sources */ = {isa = PBXBuildFile; fileRef = 623BCD681CAC701C00784705 /* DateHelper.swift */; };
		623DBD731C766B3D00E705AB /* StgDataPickerCell.swift in Sources */ = {isa = PBXBuildFile; fileRef = 623DBD721C766B3D00E705AB /* StgDataPickerCell.swift */; };
		624678461CE5163D000F2D05 /* String.swift in Sources */ = {isa = PBXBuildFile; fileRef = 624678451CE5163D000F2D05 /* String.swift */; };
		6271ADCD1CBEF86A00CD0F5F /* StgDatePickerCell.swift in Sources */ = {isa = PBXBuildFile; fileRef = 6271ADCC1CBEF86A00CD0F5F /* StgDatePickerCell.swift */; };
		6271ADCF1CC0292700CD0F5F /* StgDatePicker.swift in Sources */ = {isa = PBXBuildFile; fileRef = 6271ADCE1CC0292700CD0F5F /* StgDatePicker.swift */; };
		6277BA991CE9308B006E4607 /* PetBasicValues+CoreDataProperties.swift in Sources */ = {isa = PBXBuildFile; fileRef = 6277BA971CE9308B006E4607 /* PetBasicValues+CoreDataProperties.swift */; };
		6277BA9A1CE9308B006E4607 /* PetBasicValues.swift in Sources */ = {isa = PBXBuildFile; fileRef = 6277BA981CE9308B006E4607 /* PetBasicValues.swift */; };
		6277BA9C1CEA28E9006E4607 /* PetMenuViewController.swift in Sources */ = {isa = PBXBuildFile; fileRef = 6277BA9B1CEA28E9006E4607 /* PetMenuViewController.swift */; };
		6277BA9E1CEA2C23006E4607 /* PetMenuConfiguration.swift in Sources */ = {isa = PBXBuildFile; fileRef = 6277BA9D1CEA2C23006E4607 /* PetMenuConfiguration.swift */; };
		6277BAA01CEA65AA006E4607 /* MenuTitleImageCell.swift in Sources */ = {isa = PBXBuildFile; fileRef = 6277BA9F1CEA65AA006E4607 /* MenuTitleImageCell.swift */; };
		6277BAA21CEA6902006E4607 /* MenuIconTitleCell.swift in Sources */ = {isa = PBXBuildFile; fileRef = 6277BAA11CEA6902006E4607 /* MenuIconTitleCell.swift */; };
		6277BAA41CECB8ED006E4607 /* MenuTitleCell.swift in Sources */ = {isa = PBXBuildFile; fileRef = 6277BAA31CECB8ED006E4607 /* MenuTitleCell.swift */; };
		627F2C9E1C8842DF00B9ADFF /* DataPickerView.xib in Resources */ = {isa = PBXBuildFile; fileRef = 627F2C9D1C8842DF00B9ADFF /* DataPickerView.xib */; };
		627F2CA01C88444A00B9ADFF /* DataPickerView.swift in Sources */ = {isa = PBXBuildFile; fileRef = 627F2C9F1C88444A00B9ADFF /* DataPickerView.swift */; };
		628425171C84B1450016E32F /* StgTitleSegmentCell.swift in Sources */ = {isa = PBXBuildFile; fileRef = 628425161C84B1450016E32F /* StgTitleSegmentCell.swift */; };
		628425191C85BA5C0016E32F /* HideShowSegmentedControl.swift in Sources */ = {isa = PBXBuildFile; fileRef = 628425181C85BA5C0016E32F /* HideShowSegmentedControl.swift */; };
		628E3CC41C963A55000C122A /* RuPets.json in Resources */ = {isa = PBXBuildFile; fileRef = 628E3CC31C963A55000C122A /* RuPets.json */; };
		628E3CC91C975947000C122A /* DoctorBeaver.xcdatamodeld in Sources */ = {isa = PBXBuildFile; fileRef = 628E3CC71C975947000C122A /* DoctorBeaver.xcdatamodeld */; };
		628E3CE31C999BF6000C122A /* Realization.swift in Sources */ = {isa = PBXBuildFile; fileRef = 628E3CE21C999BF6000C122A /* Realization.swift */; };
		62941C451CAEBBDA001D3182 /* TaskConfigurationByType.swift in Sources */ = {isa = PBXBuildFile; fileRef = 62941C441CAEBBDA001D3182 /* TaskConfigurationByType.swift */; };
		62A785C51C7F77E9009BE27E /* TaskMenuConfiguration.swift in Sources */ = {isa = PBXBuildFile; fileRef = 62A785C41C7F77E9009BE27E /* TaskMenuConfiguration.swift */; };
		62A83B331C6CE13000A8DE8D /* VisualConfiguration.swift in Sources */ = {isa = PBXBuildFile; fileRef = 62A83B321C6CE13000A8DE8D /* VisualConfiguration.swift */; };
		62A83B351C6D052A00A8DE8D /* FilterViewController.swift in Sources */ = {isa = PBXBuildFile; fileRef = 62A83B341C6D052A00A8DE8D /* FilterViewController.swift */; };
		62A83B8F1C6D287E00A8DE8D /* UIImage.swift in Sources */ = {isa = PBXBuildFile; fileRef = 62A83B8E1C6D287E00A8DE8D /* UIImage.swift */; };
		62C587BB1C6E9F9100FA3968 /* FilterCell.swift in Sources */ = {isa = PBXBuildFile; fileRef = 62C587BA1C6E9F9100FA3968 /* FilterCell.swift */; };
		62C587BE1C6EA88900FA3968 /* Main.storyboard in Resources */ = {isa = PBXBuildFile; fileRef = 62C587BC1C6EA88900FA3968 /* Main.storyboard */; };
		62C64D521CCD33DB006B4CEF /* CalendarPopoverController.swift in Sources */ = {isa = PBXBuildFile; fileRef = 62C64D511CCD33DB006B4CEF /* CalendarPopoverController.swift */; };
		62C64D541CCD437A006B4CEF /* UIButton.swift in Sources */ = {isa = PBXBuildFile; fileRef = 62C64D531CCD437A006B4CEF /* UIButton.swift */; };
		62C64D5C1CD2D1E2006B4CEF /* Pet.swift in Sources */ = {isa = PBXBuildFile; fileRef = 62C64D561CD2D1E2006B4CEF /* Pet.swift */; };
		62C64D5D1CD2D1E2006B4CEF /* Pet+CoreDataProperties.swift in Sources */ = {isa = PBXBuildFile; fileRef = 62C64D571CD2D1E2006B4CEF /* Pet+CoreDataProperties.swift */; };
		62C64D5E1CD2D1E2006B4CEF /* Realization+CoreDataProperties.swift in Sources */ = {isa = PBXBuildFile; fileRef = 62C64D581CD2D1E2006B4CEF /* Realization+CoreDataProperties.swift */; };
		62C64D601CD2D1E2006B4CEF /* Task.swift in Sources */ = {isa = PBXBuildFile; fileRef = 62C64D5A1CD2D1E2006B4CEF /* Task.swift */; };
		62C64D631CD7E8F0006B4CEF /* DataExtensions.swift in Sources */ = {isa = PBXBuildFile; fileRef = 62C64D621CD7E8F0006B4CEF /* DataExtensions.swift */; };
		62C64D651CD7EF10006B4CEF /* PetsViewController.swift in Sources */ = {isa = PBXBuildFile; fileRef = 62C64D641CD7EF10006B4CEF /* PetsViewController.swift */; };
		62C64D851CDA795C006B4CEF /* PetCVCell.swift in Sources */ = {isa = PBXBuildFile; fileRef = 62C64D841CDA795C006B4CEF /* PetCVCell.swift */; };
		62C64D871CDCD48A006B4CEF /* CalendarController.swift in Sources */ = {isa = PBXBuildFile; fileRef = 62C64D861CDCD48A006B4CEF /* CalendarController.swift */; };
		62C64D9F1CE28651006B4CEF /* TaskTypeItem+CoreDataProperties.swift in Sources */ = {isa = PBXBuildFile; fileRef = 62C64D9A1CE28651006B4CEF /* TaskTypeItem+CoreDataProperties.swift */; };
		62C64DA01CE28651006B4CEF /* TaskTypeItem.swift in Sources */ = {isa = PBXBuildFile; fileRef = 62C64D9B1CE28651006B4CEF /* TaskTypeItem.swift */; };
		62C64DA11CE28651006B4CEF /* TaskTypeItemBasicValues+CoreDataProperties.swift in Sources */ = {isa = PBXBuildFile; fileRef = 62C64D9C1CE28651006B4CEF /* TaskTypeItemBasicValues+CoreDataProperties.swift */; };
		62C64DA21CE28651006B4CEF /* TaskTypeItemBasicValues.swift in Sources */ = {isa = PBXBuildFile; fileRef = 62C64D9D1CE28651006B4CEF /* TaskTypeItemBasicValues.swift */; };
		62C64DA61CE286AE006B4CEF /* Task+CoreDataProperties.swift in Sources */ = {isa = PBXBuildFile; fileRef = 62C64DA41CE286AE006B4CEF /* Task+CoreDataProperties.swift */; };
		62C64DA91CE28C39006B4CEF /* PetsRepository.swift in Sources */ = {isa = PBXBuildFile; fileRef = 62C64DA81CE28C39006B4CEF /* PetsRepository.swift */; };
		62C64DAB1CE292E3006B4CEF /* RuBasicValues.json in Resources */ = {isa = PBXBuildFile; fileRef = 62C64DAA1CE292E3006B4CEF /* RuBasicValues.json */; };
		62DCB0C71C77952C00ABF206 /* MenuTextFieldCell.swift in Sources */ = {isa = PBXBuildFile; fileRef = 62DCB0C61C77952C00ABF206 /* MenuTextFieldCell.swift */; };
		62F0FEB71CB5136600C13132 /* MinutesDoseMenuViewController.swift in Sources */ = {isa = PBXBuildFile; fileRef = 62F0FEB61CB5136600C13132 /* MinutesDoseMenuViewController.swift */; };
		62F0FEBA1CB557CF00C13132 /* MinutesDoseMenuConfiguration.swift in Sources */ = {isa = PBXBuildFile; fileRef = 62F0FEB91CB557CF00C13132 /* MinutesDoseMenuConfiguration.swift */; };
		62F0FEBC1CB9A3C500C13132 /* MenuTitleSwitchCell.swift in Sources */ = {isa = PBXBuildFile; fileRef = 62F0FEBB1CB9A3C500C13132 /* MenuTitleSwitchCell.swift */; };
/* End PBXBuildFile section */

/* Begin PBXContainerItemProxy section */
		620372641C66930400352617 /* PBXContainerItemProxy */ = {
			isa = PBXContainerItemProxy;
			containerPortal = 620372441C66930300352617 /* Project object */;
			proxyType = 1;
			remoteGlobalIDString = 6203724B1C66930300352617;
			remoteInfo = DoctorBeaver;
		};
		6203726F1C66930400352617 /* PBXContainerItemProxy */ = {
			isa = PBXContainerItemProxy;
			containerPortal = 620372441C66930300352617 /* Project object */;
			proxyType = 1;
			remoteGlobalIDString = 6203724B1C66930300352617;
			remoteInfo = DoctorBeaver;
		};
/* End PBXContainerItemProxy section */

/* Begin PBXFileReference section */
		620072221CF0936E000F0C2C /* RoundedCornersImageView.swift */ = {isa = PBXFileReference; fileEncoding = 4; lastKnownFileType = sourcecode.swift; path = RoundedCornersImageView.swift; sourceTree = "<group>"; };
		620072251CF0BFBC000F0C2C /* RoundedCornersView.swift */ = {isa = PBXFileReference; fileEncoding = 4; lastKnownFileType = sourcecode.swift; path = RoundedCornersView.swift; sourceTree = "<group>"; };
		6203724C1C66930300352617 /* DoctorBeaver.app */ = {isa = PBXFileReference; explicitFileType = wrapper.application; includeInIndex = 0; path = DoctorBeaver.app; sourceTree = BUILT_PRODUCTS_DIR; };
		6203724F1C66930300352617 /* AppDelegate.swift */ = {isa = PBXFileReference; lastKnownFileType = sourcecode.swift; path = AppDelegate.swift; sourceTree = "<group>"; };
		6203725C1C66930300352617 /* Base */ = {isa = PBXFileReference; lastKnownFileType = file.storyboard; name = Base; path = Base.lproj/LaunchScreen.storyboard; sourceTree = "<group>"; };
		6203725E1C66930300352617 /* Info.plist */ = {isa = PBXFileReference; lastKnownFileType = text.plist.xml; path = Info.plist; sourceTree = "<group>"; };
		620372631C66930400352617 /* DoctorBeaverTests.xctest */ = {isa = PBXFileReference; explicitFileType = wrapper.cfbundle; includeInIndex = 0; path = DoctorBeaverTests.xctest; sourceTree = BUILT_PRODUCTS_DIR; };
		620372671C66930400352617 /* DoctorBeaverTests.swift */ = {isa = PBXFileReference; lastKnownFileType = sourcecode.swift; path = DoctorBeaverTests.swift; sourceTree = "<group>"; };
		620372691C66930400352617 /* Info.plist */ = {isa = PBXFileReference; lastKnownFileType = text.plist.xml; path = Info.plist; sourceTree = "<group>"; };
		6203726E1C66930400352617 /* DoctorBeaverUITests.xctest */ = {isa = PBXFileReference; explicitFileType = wrapper.cfbundle; includeInIndex = 0; path = DoctorBeaverUITests.xctest; sourceTree = BUILT_PRODUCTS_DIR; };
		620372721C66930400352617 /* DoctorBeaverUITests.swift */ = {isa = PBXFileReference; lastKnownFileType = sourcecode.swift; path = DoctorBeaverUITests.swift; sourceTree = "<group>"; };
		620372741C66930400352617 /* Info.plist */ = {isa = PBXFileReference; lastKnownFileType = text.plist.xml; path = Info.plist; sourceTree = "<group>"; };
		620372881C66CE8A00352617 /* ScheduleViewController.swift */ = {isa = PBXFileReference; fileEncoding = 4; lastKnownFileType = sourcecode.swift; path = ScheduleViewController.swift; sourceTree = "<group>"; };
		6203728B1C68137000352617 /* ImageAssets.xcassets */ = {isa = PBXFileReference; lastKnownFileType = folder.assetcatalog; path = ImageAssets.xcassets; sourceTree = "<group>"; };
		6203728F1C69023900352617 /* TabBarController.swift */ = {isa = PBXFileReference; fileEncoding = 4; lastKnownFileType = sourcecode.swift; path = TabBarController.swift; sourceTree = "<group>"; };
		620372D01C6944CC00352617 /* ScheduleTableViewController.swift */ = {isa = PBXFileReference; fileEncoding = 4; lastKnownFileType = sourcecode.swift; path = ScheduleTableViewController.swift; sourceTree = "<group>"; };
		620372D71C6A621000352617 /* ManyPetsCell.swift */ = {isa = PBXFileReference; fileEncoding = 4; lastKnownFileType = sourcecode.swift; path = ManyPetsCell.swift; sourceTree = "<group>"; };
		620372D91C6AAC6800352617 /* HeaderCell.swift */ = {isa = PBXFileReference; fileEncoding = 4; lastKnownFileType = sourcecode.swift; path = HeaderCell.swift; sourceTree = "<group>"; };
		620373181C6BE98E00352617 /* UIColor.swift */ = {isa = PBXFileReference; fileEncoding = 4; lastKnownFileType = sourcecode.swift; path = UIColor.swift; sourceTree = "<group>"; };
		620891011D01A57200F870FD /* TaskTypeViewController.swift */ = {isa = PBXFileReference; fileEncoding = 4; lastKnownFileType = sourcecode.swift; path = TaskTypeViewController.swift; sourceTree = "<group>"; };
		620891031D01ABF600F870FD /* MenuIconTitleCollectionCell.swift */ = {isa = PBXFileReference; fileEncoding = 4; lastKnownFileType = sourcecode.swift; path = MenuIconTitleCollectionCell.swift; sourceTree = "<group>"; };
		621916751CEE3C6B00F073C7 /* RespondingTextField.swift */ = {isa = PBXFileReference; fileEncoding = 4; lastKnownFileType = sourcecode.swift; path = RespondingTextField.swift; sourceTree = "<group>"; };
		621916791CEF3DDF00F073C7 /* DecoratedNavigationBarView.swift */ = {isa = PBXFileReference; fileEncoding = 4; lastKnownFileType = sourcecode.swift; path = DecoratedNavigationBarView.swift; sourceTree = "<group>"; };
		6219167A1CEF3DDF00F073C7 /* DecoratedNavigationBarView.xib */ = {isa = PBXFileReference; fileEncoding = 4; lastKnownFileType = file.xib; path = DecoratedNavigationBarView.xib; sourceTree = "<group>"; };
		6219167D1CEF40EF00F073C7 /* PetImageViewController.swift */ = {isa = PBXFileReference; fileEncoding = 4; lastKnownFileType = sourcecode.swift; path = PetImageViewController.swift; sourceTree = "<group>"; };
		6219167F1CEF96DA00F073C7 /* PetImageCell.swift */ = {isa = PBXFileReference; fileEncoding = 4; lastKnownFileType = sourcecode.swift; path = PetImageCell.swift; sourceTree = "<group>"; };
		6219B4731CA06605006E4E14 /* JsonParser.swift */ = {isa = PBXFileReference; fileEncoding = 4; lastKnownFileType = sourcecode.swift; path = JsonParser.swift; sourceTree = "<group>"; };
		6232B06B1C870B38007D7D23 /* StgComplexPickerCell.swift */ = {isa = PBXFileReference; fileEncoding = 4; lastKnownFileType = sourcecode.swift; path = StgComplexPickerCell.swift; sourceTree = "<group>"; };
		62386EC61CFB28C8001C0BA0 /* TableSectionHeaderView.swift */ = {isa = PBXFileReference; fileEncoding = 4; lastKnownFileType = sourcecode.swift; path = TableSectionHeaderView.swift; sourceTree = "<group>"; };
		62386ECA1CFB299F001C0BA0 /* TableSectionHeaderView.xib */ = {isa = PBXFileReference; fileEncoding = 4; lastKnownFileType = file.xib; path = TableSectionHeaderView.xib; sourceTree = "<group>"; };
		623B4FF01C7508B80016EC92 /* BasicPetCell.swift */ = {isa = PBXFileReference; fileEncoding = 4; lastKnownFileType = sourcecode.swift; path = BasicPetCell.swift; sourceTree = "<group>"; };
		623B4FF21C7648A50016EC92 /* TaskMenuViewController.swift */ = {isa = PBXFileReference; fileEncoding = 4; lastKnownFileType = sourcecode.swift; lineEnding = 0; path = TaskMenuViewController.swift; sourceTree = "<group>"; xcLanguageSpecificationIdentifier = xcode.lang.swift; };
		623B4FF61C76619C0016EC92 /* StgTitleValueCell.swift */ = {isa = PBXFileReference; fileEncoding = 4; lastKnownFileType = sourcecode.swift; path = StgTitleValueCell.swift; sourceTree = "<group>"; };
		623BCD681CAC701C00784705 /* DateHelper.swift */ = {isa = PBXFileReference; fileEncoding = 4; lastKnownFileType = sourcecode.swift; path = DateHelper.swift; sourceTree = "<group>"; };
		623DBD721C766B3D00E705AB /* StgDataPickerCell.swift */ = {isa = PBXFileReference; fileEncoding = 4; lastKnownFileType = sourcecode.swift; path = StgDataPickerCell.swift; sourceTree = "<group>"; };
		624678451CE5163D000F2D05 /* String.swift */ = {isa = PBXFileReference; fileEncoding = 4; lastKnownFileType = sourcecode.swift; path = String.swift; sourceTree = "<group>"; };
		6271ADCC1CBEF86A00CD0F5F /* StgDatePickerCell.swift */ = {isa = PBXFileReference; fileEncoding = 4; lastKnownFileType = sourcecode.swift; path = StgDatePickerCell.swift; sourceTree = "<group>"; };
		6271ADCE1CC0292700CD0F5F /* StgDatePicker.swift */ = {isa = PBXFileReference; fileEncoding = 4; lastKnownFileType = sourcecode.swift; path = StgDatePicker.swift; sourceTree = "<group>"; };
		6277BA971CE9308B006E4607 /* PetBasicValues+CoreDataProperties.swift */ = {isa = PBXFileReference; fileEncoding = 4; lastKnownFileType = sourcecode.swift; path = "PetBasicValues+CoreDataProperties.swift"; sourceTree = "<group>"; };
		6277BA981CE9308B006E4607 /* PetBasicValues.swift */ = {isa = PBXFileReference; fileEncoding = 4; lastKnownFileType = sourcecode.swift; path = PetBasicValues.swift; sourceTree = "<group>"; };
		6277BA9B1CEA28E9006E4607 /* PetMenuViewController.swift */ = {isa = PBXFileReference; fileEncoding = 4; lastKnownFileType = sourcecode.swift; path = PetMenuViewController.swift; sourceTree = "<group>"; };
		6277BA9D1CEA2C23006E4607 /* PetMenuConfiguration.swift */ = {isa = PBXFileReference; fileEncoding = 4; lastKnownFileType = sourcecode.swift; path = PetMenuConfiguration.swift; sourceTree = "<group>"; };
		6277BA9F1CEA65AA006E4607 /* MenuTitleImageCell.swift */ = {isa = PBXFileReference; fileEncoding = 4; lastKnownFileType = sourcecode.swift; path = MenuTitleImageCell.swift; sourceTree = "<group>"; };
		6277BAA11CEA6902006E4607 /* MenuIconTitleCell.swift */ = {isa = PBXFileReference; fileEncoding = 4; lastKnownFileType = sourcecode.swift; path = MenuIconTitleCell.swift; sourceTree = "<group>"; };
		6277BAA31CECB8ED006E4607 /* MenuTitleCell.swift */ = {isa = PBXFileReference; fileEncoding = 4; lastKnownFileType = sourcecode.swift; path = MenuTitleCell.swift; sourceTree = "<group>"; };
		627F2C9D1C8842DF00B9ADFF /* DataPickerView.xib */ = {isa = PBXFileReference; fileEncoding = 4; lastKnownFileType = file.xib; path = DataPickerView.xib; sourceTree = "<group>"; };
		627F2C9F1C88444A00B9ADFF /* DataPickerView.swift */ = {isa = PBXFileReference; fileEncoding = 4; lastKnownFileType = sourcecode.swift; path = DataPickerView.swift; sourceTree = "<group>"; };
		628425161C84B1450016E32F /* StgTitleSegmentCell.swift */ = {isa = PBXFileReference; fileEncoding = 4; lastKnownFileType = sourcecode.swift; path = StgTitleSegmentCell.swift; sourceTree = "<group>"; };
		628425181C85BA5C0016E32F /* HideShowSegmentedControl.swift */ = {isa = PBXFileReference; fileEncoding = 4; lastKnownFileType = sourcecode.swift; path = HideShowSegmentedControl.swift; sourceTree = "<group>"; };
		628E3CC31C963A55000C122A /* RuPets.json */ = {isa = PBXFileReference; fileEncoding = 4; lastKnownFileType = text.json; path = RuPets.json; sourceTree = "<group>"; };
		628E3CC81C975947000C122A /* DoctorBeaver.xcdatamodel */ = {isa = PBXFileReference; lastKnownFileType = wrapper.xcdatamodel; path = DoctorBeaver.xcdatamodel; sourceTree = "<group>"; };
		628E3CE21C999BF6000C122A /* Realization.swift */ = {isa = PBXFileReference; fileEncoding = 4; lastKnownFileType = sourcecode.swift; path = Realization.swift; sourceTree = "<group>"; };
		62941C441CAEBBDA001D3182 /* TaskConfigurationByType.swift */ = {isa = PBXFileReference; fileEncoding = 4; lastKnownFileType = sourcecode.swift; path = TaskConfigurationByType.swift; sourceTree = "<group>"; };
		62A785C41C7F77E9009BE27E /* TaskMenuConfiguration.swift */ = {isa = PBXFileReference; fileEncoding = 4; lastKnownFileType = sourcecode.swift; path = TaskMenuConfiguration.swift; sourceTree = "<group>"; };
		62A83B321C6CE13000A8DE8D /* VisualConfiguration.swift */ = {isa = PBXFileReference; fileEncoding = 4; lastKnownFileType = sourcecode.swift; path = VisualConfiguration.swift; sourceTree = "<group>"; };
		62A83B341C6D052A00A8DE8D /* FilterViewController.swift */ = {isa = PBXFileReference; fileEncoding = 4; lastKnownFileType = sourcecode.swift; path = FilterViewController.swift; sourceTree = "<group>"; };
		62A83B8E1C6D287E00A8DE8D /* UIImage.swift */ = {isa = PBXFileReference; fileEncoding = 4; lastKnownFileType = sourcecode.swift; path = UIImage.swift; sourceTree = "<group>"; };
		62C587BA1C6E9F9100FA3968 /* FilterCell.swift */ = {isa = PBXFileReference; fileEncoding = 4; lastKnownFileType = sourcecode.swift; path = FilterCell.swift; sourceTree = "<group>"; };
		62C587BD1C6EA88900FA3968 /* Base */ = {isa = PBXFileReference; lastKnownFileType = file.storyboard; name = Base; path = DoctorBeaver/Base.lproj/Main.storyboard; sourceTree = "<group>"; };
		62C64D511CCD33DB006B4CEF /* CalendarPopoverController.swift */ = {isa = PBXFileReference; fileEncoding = 4; lastKnownFileType = sourcecode.swift; path = CalendarPopoverController.swift; sourceTree = "<group>"; };
		62C64D531CCD437A006B4CEF /* UIButton.swift */ = {isa = PBXFileReference; fileEncoding = 4; lastKnownFileType = sourcecode.swift; path = UIButton.swift; sourceTree = "<group>"; };
		62C64D561CD2D1E2006B4CEF /* Pet.swift */ = {isa = PBXFileReference; fileEncoding = 4; lastKnownFileType = sourcecode.swift; path = Pet.swift; sourceTree = "<group>"; };
		62C64D571CD2D1E2006B4CEF /* Pet+CoreDataProperties.swift */ = {isa = PBXFileReference; fileEncoding = 4; lastKnownFileType = sourcecode.swift; path = "Pet+CoreDataProperties.swift"; sourceTree = "<group>"; };
		62C64D581CD2D1E2006B4CEF /* Realization+CoreDataProperties.swift */ = {isa = PBXFileReference; fileEncoding = 4; lastKnownFileType = sourcecode.swift; path = "Realization+CoreDataProperties.swift"; sourceTree = "<group>"; };
		62C64D5A1CD2D1E2006B4CEF /* Task.swift */ = {isa = PBXFileReference; fileEncoding = 4; lastKnownFileType = sourcecode.swift; path = Task.swift; sourceTree = "<group>"; };
		62C64D621CD7E8F0006B4CEF /* DataExtensions.swift */ = {isa = PBXFileReference; fileEncoding = 4; lastKnownFileType = sourcecode.swift; path = DataExtensions.swift; sourceTree = "<group>"; };
		62C64D641CD7EF10006B4CEF /* PetsViewController.swift */ = {isa = PBXFileReference; fileEncoding = 4; lastKnownFileType = sourcecode.swift; path = PetsViewController.swift; sourceTree = "<group>"; };
		62C64D841CDA795C006B4CEF /* PetCVCell.swift */ = {isa = PBXFileReference; fileEncoding = 4; lastKnownFileType = sourcecode.swift; path = PetCVCell.swift; sourceTree = "<group>"; };
		62C64D861CDCD48A006B4CEF /* CalendarController.swift */ = {isa = PBXFileReference; fileEncoding = 4; lastKnownFileType = sourcecode.swift; path = CalendarController.swift; sourceTree = "<group>"; };
		62C64D9A1CE28651006B4CEF /* TaskTypeItem+CoreDataProperties.swift */ = {isa = PBXFileReference; fileEncoding = 4; lastKnownFileType = sourcecode.swift; path = "TaskTypeItem+CoreDataProperties.swift"; sourceTree = "<group>"; };
		62C64D9B1CE28651006B4CEF /* TaskTypeItem.swift */ = {isa = PBXFileReference; fileEncoding = 4; lastKnownFileType = sourcecode.swift; path = TaskTypeItem.swift; sourceTree = "<group>"; };
		62C64D9C1CE28651006B4CEF /* TaskTypeItemBasicValues+CoreDataProperties.swift */ = {isa = PBXFileReference; fileEncoding = 4; lastKnownFileType = sourcecode.swift; path = "TaskTypeItemBasicValues+CoreDataProperties.swift"; sourceTree = "<group>"; };
		62C64D9D1CE28651006B4CEF /* TaskTypeItemBasicValues.swift */ = {isa = PBXFileReference; fileEncoding = 4; lastKnownFileType = sourcecode.swift; path = TaskTypeItemBasicValues.swift; sourceTree = "<group>"; };
		62C64DA41CE286AE006B4CEF /* Task+CoreDataProperties.swift */ = {isa = PBXFileReference; fileEncoding = 4; lastKnownFileType = sourcecode.swift; name = "Task+CoreDataProperties.swift"; path = "../Task+CoreDataProperties.swift"; sourceTree = "<group>"; };
		62C64DA81CE28C39006B4CEF /* PetsRepository.swift */ = {isa = PBXFileReference; fileEncoding = 4; lastKnownFileType = sourcecode.swift; path = PetsRepository.swift; sourceTree = "<group>"; };
		62C64DAA1CE292E3006B4CEF /* RuBasicValues.json */ = {isa = PBXFileReference; fileEncoding = 4; lastKnownFileType = text.json; path = RuBasicValues.json; sourceTree = "<group>"; };
		62DCB0C61C77952C00ABF206 /* MenuTextFieldCell.swift */ = {isa = PBXFileReference; fileEncoding = 4; lastKnownFileType = sourcecode.swift; path = MenuTextFieldCell.swift; sourceTree = "<group>"; };
		62F0FEB61CB5136600C13132 /* MinutesDoseMenuViewController.swift */ = {isa = PBXFileReference; fileEncoding = 4; lastKnownFileType = sourcecode.swift; path = MinutesDoseMenuViewController.swift; sourceTree = "<group>"; };
		62F0FEB91CB557CF00C13132 /* MinutesDoseMenuConfiguration.swift */ = {isa = PBXFileReference; fileEncoding = 4; lastKnownFileType = sourcecode.swift; path = MinutesDoseMenuConfiguration.swift; sourceTree = "<group>"; };
		62F0FEBB1CB9A3C500C13132 /* MenuTitleSwitchCell.swift */ = {isa = PBXFileReference; fileEncoding = 4; lastKnownFileType = sourcecode.swift; path = MenuTitleSwitchCell.swift; sourceTree = "<group>"; };
/* End PBXFileReference section */

/* Begin PBXFrameworksBuildPhase section */
		620372491C66930300352617 /* Frameworks */ = {
			isa = PBXFrameworksBuildPhase;
			buildActionMask = 2147483647;
			files = (
			);
			runOnlyForDeploymentPostprocessing = 0;
		};
		620372601C66930400352617 /* Frameworks */ = {
			isa = PBXFrameworksBuildPhase;
			buildActionMask = 2147483647;
			files = (
			);
			runOnlyForDeploymentPostprocessing = 0;
		};
		6203726B1C66930400352617 /* Frameworks */ = {
			isa = PBXFrameworksBuildPhase;
			buildActionMask = 2147483647;
			files = (
			);
			runOnlyForDeploymentPostprocessing = 0;
		};
/* End PBXFrameworksBuildPhase section */

/* Begin PBXGroup section */
		620072241CF098C3000F0C2C /* Collection Cells */ = {
			isa = PBXGroup;
			children = (
				62C64D841CDA795C006B4CEF /* PetCVCell.swift */,
				6219167F1CEF96DA00F073C7 /* PetImageCell.swift */,
				620891031D01ABF600F870FD /* MenuIconTitleCollectionCell.swift */,
			);
			name = "Collection Cells";
			sourceTree = "<group>";
		};
		620372431C66930300352617 = {
			isa = PBXGroup;
			children = (
				6203724E1C66930300352617 /* DoctorBeaver */,
				620372661C66930400352617 /* DoctorBeaverTests */,
				620372711C66930400352617 /* DoctorBeaverUITests */,
				6203724D1C66930300352617 /* Products */,
			);
			sourceTree = "<group>";
		};
		6203724D1C66930300352617 /* Products */ = {
			isa = PBXGroup;
			children = (
				6203724C1C66930300352617 /* DoctorBeaver.app */,
				620372631C66930400352617 /* DoctorBeaverTests.xctest */,
				6203726E1C66930400352617 /* DoctorBeaverUITests.xctest */,
			);
			name = Products;
			sourceTree = "<group>";
		};
		6203724E1C66930300352617 /* DoctorBeaver */ = {
			isa = PBXGroup;
			children = (
				62C64D551CCD43F0006B4CEF /* Extensions */,
				620372D61C6A61DD00352617 /* Data */,
				620372D41C6A61AF00352617 /* Custom views */,
				620372D51C6A61C600352617 /* View controllers */,
				62C587BC1C6EA88900FA3968 /* Main.storyboard */,
				6203725B1C66930300352617 /* LaunchScreen.storyboard */,
				6203724F1C66930300352617 /* AppDelegate.swift */,
				6203725E1C66930300352617 /* Info.plist */,
				6203728B1C68137000352617 /* ImageAssets.xcassets */,
			);
			path = DoctorBeaver;
			sourceTree = "<group>";
		};
		620372661C66930400352617 /* DoctorBeaverTests */ = {
			isa = PBXGroup;
			children = (
				620372671C66930400352617 /* DoctorBeaverTests.swift */,
				620372691C66930400352617 /* Info.plist */,
			);
			path = DoctorBeaverTests;
			sourceTree = "<group>";
		};
		620372711C66930400352617 /* DoctorBeaverUITests */ = {
			isa = PBXGroup;
			children = (
				620372721C66930400352617 /* DoctorBeaverUITests.swift */,
				620372741C66930400352617 /* Info.plist */,
			);
			path = DoctorBeaverUITests;
			sourceTree = "<group>";
		};
		620372D41C6A61AF00352617 /* Custom views */ = {
			isa = PBXGroup;
			children = (
				62A83B901C6D289D00A8DE8D /* Custom controls */,
				62DCB0C81C77969E00ABF206 /* Schedule Table Cells */,
				628425151C82EEF90016E32F /* Menu Table Cells */,
				620072241CF098C3000F0C2C /* Collection Cells */,
			);
			name = "Custom views";
			sourceTree = "<group>";
		};
		620372D51C6A61C600352617 /* View controllers */ = {
			isa = PBXGroup;
			children = (
				6203728F1C69023900352617 /* TabBarController.swift */,
				6297A8031CA1D522004F3D7E /* Pets */,
				62DCB0C91C7796B900ABF206 /* Schedule */,
				62F0FEB51CB2EA8700C13132 /* Task */,
			);
			name = "View controllers";
			sourceTree = "<group>";
		};
		620372D61C6A61DD00352617 /* Data */ = {
			isa = PBXGroup;
			children = (
				628E3CC31C963A55000C122A /* RuPets.json */,
				62C64DAA1CE292E3006B4CEF /* RuBasicValues.json */,
				6219B4731CA06605006E4E14 /* JsonParser.swift */,
				62941C441CAEBBDA001D3182 /* TaskConfigurationByType.swift */,
				62DCB0CA1C78DBB600ABF206 /* Data Model */,
			);
			name = Data;
			sourceTree = "<group>";
		};
		628425151C82EEF90016E32F /* Menu Table Cells */ = {
			isa = PBXGroup;
			children = (
				6277BAA31CECB8ED006E4607 /* MenuTitleCell.swift */,
				62DCB0C61C77952C00ABF206 /* MenuTextFieldCell.swift */,
				6277BA9F1CEA65AA006E4607 /* MenuTitleImageCell.swift */,
				62F0FEBB1CB9A3C500C13132 /* MenuTitleSwitchCell.swift */,
				6277BAA11CEA6902006E4607 /* MenuIconTitleCell.swift */,
				623B4FF61C76619C0016EC92 /* StgTitleValueCell.swift */,
				628425161C84B1450016E32F /* StgTitleSegmentCell.swift */,
				623DBD721C766B3D00E705AB /* StgDataPickerCell.swift */,
				6271ADCC1CBEF86A00CD0F5F /* StgDatePickerCell.swift */,
				6232B06B1C870B38007D7D23 /* StgComplexPickerCell.swift */,
			);
			name = "Menu Table Cells";
			sourceTree = "<group>";
		};
		6297A8031CA1D522004F3D7E /* Pets */ = {
			isa = PBXGroup;
			children = (
				62C64D641CD7EF10006B4CEF /* PetsViewController.swift */,
				6277BA9B1CEA28E9006E4607 /* PetMenuViewController.swift */,
				623B4FF21C7648A50016EC92 /* TaskMenuViewController.swift */,
				6277BA9D1CEA2C23006E4607 /* PetMenuConfiguration.swift */,
				6219167D1CEF40EF00F073C7 /* PetImageViewController.swift */,
				620891011D01A57200F870FD /* TaskTypeViewController.swift */,
			);
			name = Pets;
			sourceTree = "<group>";
		};
		62A83B901C6D289D00A8DE8D /* Custom controls */ = {
			isa = PBXGroup;
			children = (
				621916791CEF3DDF00F073C7 /* DecoratedNavigationBarView.swift */,
				6219167A1CEF3DDF00F073C7 /* DecoratedNavigationBarView.xib */,
				627F2C9F1C88444A00B9ADFF /* DataPickerView.swift */,
				627F2C9D1C8842DF00B9ADFF /* DataPickerView.xib */,
				6271ADCE1CC0292700CD0F5F /* StgDatePicker.swift */,
				628425181C85BA5C0016E32F /* HideShowSegmentedControl.swift */,
				621916751CEE3C6B00F073C7 /* RespondingTextField.swift */,
				620072221CF0936E000F0C2C /* RoundedCornersImageView.swift */,
				620072251CF0BFBC000F0C2C /* RoundedCornersView.swift */,
				62386EC61CFB28C8001C0BA0 /* TableSectionHeaderView.swift */,
				62386ECA1CFB299F001C0BA0 /* TableSectionHeaderView.xib */,
			);
			name = "Custom controls";
			sourceTree = "<group>";
		};
		62C64D551CCD43F0006B4CEF /* Extensions */ = {
			isa = PBXGroup;
			children = (
				624678451CE5163D000F2D05 /* String.swift */,
				620373181C6BE98E00352617 /* UIColor.swift */,
				62A83B8E1C6D287E00A8DE8D /* UIImage.swift */,
				62C64D531CCD437A006B4CEF /* UIButton.swift */,
				623BCD681CAC701C00784705 /* DateHelper.swift */,
				62A83B321C6CE13000A8DE8D /* VisualConfiguration.swift */,
				62C64D621CD7E8F0006B4CEF /* DataExtensions.swift */,
			);
			name = Extensions;
			sourceTree = "<group>";
		};
		62DCB0C81C77969E00ABF206 /* Schedule Table Cells */ = {
			isa = PBXGroup;
			children = (
				620372D91C6AAC6800352617 /* HeaderCell.swift */,
				623B4FF01C7508B80016EC92 /* BasicPetCell.swift */,
				620372D71C6A621000352617 /* ManyPetsCell.swift */,
				62C587BA1C6E9F9100FA3968 /* FilterCell.swift */,
			);
			name = "Schedule Table Cells";
			sourceTree = "<group>";
		};
		62DCB0C91C7796B900ABF206 /* Schedule */ = {
			isa = PBXGroup;
			children = (
				62C64DA81CE28C39006B4CEF /* PetsRepository.swift */,
				620372881C66CE8A00352617 /* ScheduleViewController.swift */,
				62C64D511CCD33DB006B4CEF /* CalendarPopoverController.swift */,
				62A83B341C6D052A00A8DE8D /* FilterViewController.swift */,
				62C64D861CDCD48A006B4CEF /* CalendarController.swift */,
				620372D01C6944CC00352617 /* ScheduleTableViewController.swift */,
			);
			name = Schedule;
			sourceTree = "<group>";
		};
		62DCB0CA1C78DBB600ABF206 /* Data Model */ = {
			isa = PBXGroup;
			children = (
				628E3CC71C975947000C122A /* DoctorBeaver.xcdatamodeld */,
				62C64D571CD2D1E2006B4CEF /* Pet+CoreDataProperties.swift */,
				62C64D561CD2D1E2006B4CEF /* Pet.swift */,
				6277BA971CE9308B006E4607 /* PetBasicValues+CoreDataProperties.swift */,
				6277BA981CE9308B006E4607 /* PetBasicValues.swift */,
				62C64DA41CE286AE006B4CEF /* Task+CoreDataProperties.swift */,
				62C64D5A1CD2D1E2006B4CEF /* Task.swift */,
				62C64D9A1CE28651006B4CEF /* TaskTypeItem+CoreDataProperties.swift */,
				62C64D9B1CE28651006B4CEF /* TaskTypeItem.swift */,
				62C64D9C1CE28651006B4CEF /* TaskTypeItemBasicValues+CoreDataProperties.swift */,
				62C64D9D1CE28651006B4CEF /* TaskTypeItemBasicValues.swift */,
				62C64D581CD2D1E2006B4CEF /* Realization+CoreDataProperties.swift */,
				628E3CE21C999BF6000C122A /* Realization.swift */,
			);
			name = "Data Model";
			sourceTree = "<group>";
		};
		62F0FEB51CB2EA8700C13132 /* Task */ = {
			isa = PBXGroup;
			children = (
				62A785C41C7F77E9009BE27E /* TaskMenuConfiguration.swift */,
				62F0FEB81CB556EB00C13132 /* MinutesDose */,
			);
			name = Task;
			sourceTree = "<group>";
		};
		62F0FEB81CB556EB00C13132 /* MinutesDose */ = {
			isa = PBXGroup;
			children = (
				62F0FEB61CB5136600C13132 /* MinutesDoseMenuViewController.swift */,
				62F0FEB91CB557CF00C13132 /* MinutesDoseMenuConfiguration.swift */,
			);
			name = MinutesDose;
			sourceTree = "<group>";
		};
/* End PBXGroup section */

/* Begin PBXNativeTarget section */
		6203724B1C66930300352617 /* DoctorBeaver */ = {
			isa = PBXNativeTarget;
			buildConfigurationList = 620372771C66930400352617 /* Build configuration list for PBXNativeTarget "DoctorBeaver" */;
			buildPhases = (
				620372481C66930300352617 /* Sources */,
				620372491C66930300352617 /* Frameworks */,
				6203724A1C66930300352617 /* Resources */,
			);
			buildRules = (
			);
			dependencies = (
			);
			name = DoctorBeaver;
			productName = DoctorBeaver;
			productReference = 6203724C1C66930300352617 /* DoctorBeaver.app */;
			productType = "com.apple.product-type.application";
		};
		620372621C66930400352617 /* DoctorBeaverTests */ = {
			isa = PBXNativeTarget;
			buildConfigurationList = 6203727A1C66930400352617 /* Build configuration list for PBXNativeTarget "DoctorBeaverTests" */;
			buildPhases = (
				6203725F1C66930400352617 /* Sources */,
				620372601C66930400352617 /* Frameworks */,
				620372611C66930400352617 /* Resources */,
			);
			buildRules = (
			);
			dependencies = (
				620372651C66930400352617 /* PBXTargetDependency */,
			);
			name = DoctorBeaverTests;
			productName = DoctorBeaverTests;
			productReference = 620372631C66930400352617 /* DoctorBeaverTests.xctest */;
			productType = "com.apple.product-type.bundle.unit-test";
		};
		6203726D1C66930400352617 /* DoctorBeaverUITests */ = {
			isa = PBXNativeTarget;
			buildConfigurationList = 6203727D1C66930400352617 /* Build configuration list for PBXNativeTarget "DoctorBeaverUITests" */;
			buildPhases = (
				6203726A1C66930400352617 /* Sources */,
				6203726B1C66930400352617 /* Frameworks */,
				6203726C1C66930400352617 /* Resources */,
			);
			buildRules = (
			);
			dependencies = (
				620372701C66930400352617 /* PBXTargetDependency */,
			);
			name = DoctorBeaverUITests;
			productName = DoctorBeaverUITests;
			productReference = 6203726E1C66930400352617 /* DoctorBeaverUITests.xctest */;
			productType = "com.apple.product-type.bundle.ui-testing";
		};
/* End PBXNativeTarget section */

/* Begin PBXProject section */
		620372441C66930300352617 /* Project object */ = {
			isa = PBXProject;
			attributes = {
				LastSwiftUpdateCheck = 0720;
				LastUpgradeCheck = 0720;
				ORGANIZATIONNAME = "Anastasia Stepanova-Kolupakhina";
				TargetAttributes = {
					6203724B1C66930300352617 = {
						CreatedOnToolsVersion = 7.2;
					};
					620372621C66930400352617 = {
						CreatedOnToolsVersion = 7.2;
						TestTargetID = 6203724B1C66930300352617;
					};
					6203726D1C66930400352617 = {
						CreatedOnToolsVersion = 7.2;
						TestTargetID = 6203724B1C66930300352617;
					};
				};
			};
			buildConfigurationList = 620372471C66930300352617 /* Build configuration list for PBXProject "DoctorBeaver" */;
			compatibilityVersion = "Xcode 3.2";
			developmentRegion = English;
			hasScannedForEncodings = 0;
			knownRegions = (
				en,
				Base,
			);
			mainGroup = 620372431C66930300352617;
			productRefGroup = 6203724D1C66930300352617 /* Products */;
			projectDirPath = "";
			projectRoot = "";
			targets = (
				6203724B1C66930300352617 /* DoctorBeaver */,
				620372621C66930400352617 /* DoctorBeaverTests */,
				6203726D1C66930400352617 /* DoctorBeaverUITests */,
			);
		};
/* End PBXProject section */

/* Begin PBXResourcesBuildPhase section */
		6203724A1C66930300352617 /* Resources */ = {
			isa = PBXResourcesBuildPhase;
			buildActionMask = 2147483647;
			files = (
				6219167C1CEF3DDF00F073C7 /* DecoratedNavigationBarView.xib in Resources */,
				62C587BE1C6EA88900FA3968 /* Main.storyboard in Resources */,
				6203728C1C68137000352617 /* ImageAssets.xcassets in Resources */,
				627F2C9E1C8842DF00B9ADFF /* DataPickerView.xib in Resources */,
				62386ECB1CFB299F001C0BA0 /* TableSectionHeaderView.xib in Resources */,
				62C64DAB1CE292E3006B4CEF /* RuBasicValues.json in Resources */,
				628E3CC41C963A55000C122A /* RuPets.json in Resources */,
				6203725D1C66930300352617 /* LaunchScreen.storyboard in Resources */,
			);
			runOnlyForDeploymentPostprocessing = 0;
		};
		620372611C66930400352617 /* Resources */ = {
			isa = PBXResourcesBuildPhase;
			buildActionMask = 2147483647;
			files = (
			);
			runOnlyForDeploymentPostprocessing = 0;
		};
		6203726C1C66930400352617 /* Resources */ = {
			isa = PBXResourcesBuildPhase;
			buildActionMask = 2147483647;
			files = (
			);
			runOnlyForDeploymentPostprocessing = 0;
		};
/* End PBXResourcesBuildPhase section */

/* Begin PBXSourcesBuildPhase section */
		620372481C66930300352617 /* Sources */ = {
			isa = PBXSourcesBuildPhase;
			buildActionMask = 2147483647;
			files = (
				6219167E1CEF40EF00F073C7 /* PetImageViewController.swift in Sources */,
				6219B4741CA06605006E4E14 /* JsonParser.swift in Sources */,
				628E3CC91C975947000C122A /* DoctorBeaver.xcdatamodeld in Sources */,
				620372D11C6944CC00352617 /* ScheduleTableViewController.swift in Sources */,
				627F2CA01C88444A00B9ADFF /* DataPickerView.swift in Sources */,
				620372D81C6A621000352617 /* ManyPetsCell.swift in Sources */,
				62C64DA21CE28651006B4CEF /* TaskTypeItemBasicValues.swift in Sources */,
				6277BAA01CEA65AA006E4607 /* MenuTitleImageCell.swift in Sources */,
				62C64D5D1CD2D1E2006B4CEF /* Pet+CoreDataProperties.swift in Sources */,
				62C64DA91CE28C39006B4CEF /* PetsRepository.swift in Sources */,
				62C587BB1C6E9F9100FA3968 /* FilterCell.swift in Sources */,
				62C64D521CCD33DB006B4CEF /* CalendarPopoverController.swift in Sources */,
				62C64D851CDA795C006B4CEF /* PetCVCell.swift in Sources */,
				621916761CEE3C6B00F073C7 /* RespondingTextField.swift in Sources */,
				628425171C84B1450016E32F /* StgTitleSegmentCell.swift in Sources */,
				620891041D01ABF600F870FD /* MenuIconTitleCollectionCell.swift in Sources */,
				623BCD691CAC701C00784705 /* DateHelper.swift in Sources */,
				62386EC71CFB28C8001C0BA0 /* TableSectionHeaderView.swift in Sources */,
				62C64DA11CE28651006B4CEF /* TaskTypeItemBasicValues+CoreDataProperties.swift in Sources */,
				62F0FEBA1CB557CF00C13132 /* MinutesDoseMenuConfiguration.swift in Sources */,
				62C64D651CD7EF10006B4CEF /* PetsViewController.swift in Sources */,
				623DBD731C766B3D00E705AB /* StgDataPickerCell.swift in Sources */,
				6277BAA41CECB8ED006E4607 /* MenuTitleCell.swift in Sources */,
				620072261CF0BFBC000F0C2C /* RoundedCornersView.swift in Sources */,
				621916801CEF96DA00F073C7 /* PetImageCell.swift in Sources */,
				62DCB0C71C77952C00ABF206 /* MenuTextFieldCell.swift in Sources */,
				628E3CE31C999BF6000C122A /* Realization.swift in Sources */,
				6277BA991CE9308B006E4607 /* PetBasicValues+CoreDataProperties.swift in Sources */,
				6219167B1CEF3DDF00F073C7 /* DecoratedNavigationBarView.swift in Sources */,
				62C64D601CD2D1E2006B4CEF /* Task.swift in Sources */,
				6277BA9C1CEA28E9006E4607 /* PetMenuViewController.swift in Sources */,
				6271ADCF1CC0292700CD0F5F /* StgDatePicker.swift in Sources */,
				6277BAA21CEA6902006E4607 /* MenuIconTitleCell.swift in Sources */,
				623B4FF31C7648A50016EC92 /* TaskMenuViewController.swift in Sources */,
				62C64D541CCD437A006B4CEF /* UIButton.swift in Sources */,
				6277BA9A1CE9308B006E4607 /* PetBasicValues.swift in Sources */,
				62C64D871CDCD48A006B4CEF /* CalendarController.swift in Sources */,
				620891021D01A57200F870FD /* TaskTypeViewController.swift in Sources */,
				620372DA1C6AAC6800352617 /* HeaderCell.swift in Sources */,
				62C64DA01CE28651006B4CEF /* TaskTypeItem.swift in Sources */,
				62A83B8F1C6D287E00A8DE8D /* UIImage.swift in Sources */,
				62C64D5E1CD2D1E2006B4CEF /* Realization+CoreDataProperties.swift in Sources */,
				62C64D9F1CE28651006B4CEF /* TaskTypeItem+CoreDataProperties.swift in Sources */,
				623B4FF11C7508B80016EC92 /* BasicPetCell.swift in Sources */,
				62C64DA61CE286AE006B4CEF /* Task+CoreDataProperties.swift in Sources */,
				62C64D631CD7E8F0006B4CEF /* DataExtensions.swift in Sources */,
				62A83B351C6D052A00A8DE8D /* FilterViewController.swift in Sources */,
				62F0FEBC1CB9A3C500C13132 /* MenuTitleSwitchCell.swift in Sources */,
				6271ADCD1CBEF86A00CD0F5F /* StgDatePickerCell.swift in Sources */,
				62C64D5C1CD2D1E2006B4CEF /* Pet.swift in Sources */,
				62A83B331C6CE13000A8DE8D /* VisualConfiguration.swift in Sources */,
				628425191C85BA5C0016E32F /* HideShowSegmentedControl.swift in Sources */,
				62941C451CAEBBDA001D3182 /* TaskConfigurationByType.swift in Sources */,
				62F0FEB71CB5136600C13132 /* MinutesDoseMenuViewController.swift in Sources */,
				624678461CE5163D000F2D05 /* String.swift in Sources */,
				6232B06C1C870B38007D7D23 /* StgComplexPickerCell.swift in Sources */,
				620072231CF0936E000F0C2C /* RoundedCornersImageView.swift in Sources */,
				6277BA9E1CEA2C23006E4607 /* PetMenuConfiguration.swift in Sources */,
				620372901C69023900352617 /* TabBarController.swift in Sources */,
				62A785C51C7F77E9009BE27E /* TaskMenuConfiguration.swift in Sources */,
				620372891C66CE8A00352617 /* ScheduleViewController.swift in Sources */,
				623B4FF71C76619C0016EC92 /* StgTitleValueCell.swift in Sources */,
				620373191C6BE98E00352617 /* UIColor.swift in Sources */,
				620372501C66930300352617 /* AppDelegate.swift in Sources */,
			);
			runOnlyForDeploymentPostprocessing = 0;
		};
		6203725F1C66930400352617 /* Sources */ = {
			isa = PBXSourcesBuildPhase;
			buildActionMask = 2147483647;
			files = (
				620372681C66930400352617 /* DoctorBeaverTests.swift in Sources */,
			);
			runOnlyForDeploymentPostprocessing = 0;
		};
		6203726A1C66930400352617 /* Sources */ = {
			isa = PBXSourcesBuildPhase;
			buildActionMask = 2147483647;
			files = (
				620372731C66930400352617 /* DoctorBeaverUITests.swift in Sources */,
			);
			runOnlyForDeploymentPostprocessing = 0;
		};
/* End PBXSourcesBuildPhase section */

/* Begin PBXTargetDependency section */
		620372651C66930400352617 /* PBXTargetDependency */ = {
			isa = PBXTargetDependency;
			target = 6203724B1C66930300352617 /* DoctorBeaver */;
			targetProxy = 620372641C66930400352617 /* PBXContainerItemProxy */;
		};
		620372701C66930400352617 /* PBXTargetDependency */ = {
			isa = PBXTargetDependency;
			target = 6203724B1C66930300352617 /* DoctorBeaver */;
			targetProxy = 6203726F1C66930400352617 /* PBXContainerItemProxy */;
		};
/* End PBXTargetDependency section */

/* Begin PBXVariantGroup section */
		6203725B1C66930300352617 /* LaunchScreen.storyboard */ = {
			isa = PBXVariantGroup;
			children = (
				6203725C1C66930300352617 /* Base */,
			);
			name = LaunchScreen.storyboard;
			sourceTree = "<group>";
		};
		62C587BC1C6EA88900FA3968 /* Main.storyboard */ = {
			isa = PBXVariantGroup;
			children = (
				62C587BD1C6EA88900FA3968 /* Base */,
			);
			name = Main.storyboard;
			path = ..;
			sourceTree = "<group>";
		};
/* End PBXVariantGroup section */

/* Begin XCBuildConfiguration section */
		620372751C66930400352617 /* Debug */ = {
			isa = XCBuildConfiguration;
			buildSettings = {
				ALWAYS_SEARCH_USER_PATHS = NO;
				CLANG_CXX_LANGUAGE_STANDARD = "gnu++0x";
				CLANG_CXX_LIBRARY = "libc++";
				CLANG_ENABLE_MODULES = YES;
				CLANG_ENABLE_OBJC_ARC = YES;
				CLANG_WARN_BOOL_CONVERSION = YES;
				CLANG_WARN_CONSTANT_CONVERSION = YES;
				CLANG_WARN_DIRECT_OBJC_ISA_USAGE = YES_ERROR;
				CLANG_WARN_EMPTY_BODY = YES;
				CLANG_WARN_ENUM_CONVERSION = YES;
				CLANG_WARN_INT_CONVERSION = YES;
				CLANG_WARN_OBJC_ROOT_CLASS = YES_ERROR;
				CLANG_WARN_UNREACHABLE_CODE = YES;
				CLANG_WARN__DUPLICATE_METHOD_MATCH = YES;
				"CODE_SIGN_IDENTITY[sdk=iphoneos*]" = "iPhone Developer";
				COPY_PHASE_STRIP = NO;
				DEBUG_INFORMATION_FORMAT = dwarf;
				ENABLE_STRICT_OBJC_MSGSEND = YES;
				ENABLE_TESTABILITY = YES;
				GCC_C_LANGUAGE_STANDARD = gnu99;
				GCC_DYNAMIC_NO_PIC = NO;
				GCC_NO_COMMON_BLOCKS = YES;
				GCC_OPTIMIZATION_LEVEL = 0;
				GCC_PREPROCESSOR_DEFINITIONS = (
					"DEBUG=1",
					"$(inherited)",
				);
				GCC_WARN_64_TO_32_BIT_CONVERSION = YES;
				GCC_WARN_ABOUT_RETURN_TYPE = YES_ERROR;
				GCC_WARN_UNDECLARED_SELECTOR = YES;
				GCC_WARN_UNINITIALIZED_AUTOS = YES_AGGRESSIVE;
				GCC_WARN_UNUSED_FUNCTION = YES;
				GCC_WARN_UNUSED_VARIABLE = YES;
				IPHONEOS_DEPLOYMENT_TARGET = 9.2;
				MTL_ENABLE_DEBUG_INFO = YES;
				ONLY_ACTIVE_ARCH = YES;
				SDKROOT = iphoneos;
				SWIFT_OPTIMIZATION_LEVEL = "-Onone";
				TARGETED_DEVICE_FAMILY = "1,2";
			};
			name = Debug;
		};
		620372761C66930400352617 /* Release */ = {
			isa = XCBuildConfiguration;
			buildSettings = {
				ALWAYS_SEARCH_USER_PATHS = NO;
				CLANG_CXX_LANGUAGE_STANDARD = "gnu++0x";
				CLANG_CXX_LIBRARY = "libc++";
				CLANG_ENABLE_MODULES = YES;
				CLANG_ENABLE_OBJC_ARC = YES;
				CLANG_WARN_BOOL_CONVERSION = YES;
				CLANG_WARN_CONSTANT_CONVERSION = YES;
				CLANG_WARN_DIRECT_OBJC_ISA_USAGE = YES_ERROR;
				CLANG_WARN_EMPTY_BODY = YES;
				CLANG_WARN_ENUM_CONVERSION = YES;
				CLANG_WARN_INT_CONVERSION = YES;
				CLANG_WARN_OBJC_ROOT_CLASS = YES_ERROR;
				CLANG_WARN_UNREACHABLE_CODE = YES;
				CLANG_WARN__DUPLICATE_METHOD_MATCH = YES;
				"CODE_SIGN_IDENTITY[sdk=iphoneos*]" = "iPhone Developer";
				COPY_PHASE_STRIP = NO;
				DEBUG_INFORMATION_FORMAT = "dwarf-with-dsym";
				ENABLE_NS_ASSERTIONS = NO;
				ENABLE_STRICT_OBJC_MSGSEND = YES;
				GCC_C_LANGUAGE_STANDARD = gnu99;
				GCC_NO_COMMON_BLOCKS = YES;
				GCC_WARN_64_TO_32_BIT_CONVERSION = YES;
				GCC_WARN_ABOUT_RETURN_TYPE = YES_ERROR;
				GCC_WARN_UNDECLARED_SELECTOR = YES;
				GCC_WARN_UNINITIALIZED_AUTOS = YES_AGGRESSIVE;
				GCC_WARN_UNUSED_FUNCTION = YES;
				GCC_WARN_UNUSED_VARIABLE = YES;
				IPHONEOS_DEPLOYMENT_TARGET = 9.2;
				MTL_ENABLE_DEBUG_INFO = NO;
				SDKROOT = iphoneos;
				TARGETED_DEVICE_FAMILY = "1,2";
				VALIDATE_PRODUCT = YES;
			};
			name = Release;
		};
		620372781C66930400352617 /* Debug */ = {
			isa = XCBuildConfiguration;
			buildSettings = {
				ASSETCATALOG_COMPILER_APPICON_NAME = AppIcon;
				INFOPLIST_FILE = DoctorBeaver/Info.plist;
				LD_RUNPATH_SEARCH_PATHS = "$(inherited) @executable_path/Frameworks";
				PRODUCT_BUNDLE_IDENTIFIER = com.DoctorBeaver;
				PRODUCT_NAME = "$(TARGET_NAME)";
			};
			name = Debug;
		};
		620372791C66930400352617 /* Release */ = {
			isa = XCBuildConfiguration;
			buildSettings = {
				ASSETCATALOG_COMPILER_APPICON_NAME = AppIcon;
				INFOPLIST_FILE = DoctorBeaver/Info.plist;
				LD_RUNPATH_SEARCH_PATHS = "$(inherited) @executable_path/Frameworks";
				PRODUCT_BUNDLE_IDENTIFIER = com.DoctorBeaver;
				PRODUCT_NAME = "$(TARGET_NAME)";
			};
			name = Release;
		};
		6203727B1C66930400352617 /* Debug */ = {
			isa = XCBuildConfiguration;
			buildSettings = {
				BUNDLE_LOADER = "$(TEST_HOST)";
				INFOPLIST_FILE = DoctorBeaverTests/Info.plist;
				LD_RUNPATH_SEARCH_PATHS = "$(inherited) @executable_path/Frameworks @loader_path/Frameworks";
				PRODUCT_BUNDLE_IDENTIFIER = com.DoctorBeaverTests;
				PRODUCT_NAME = "$(TARGET_NAME)";
				TEST_HOST = "$(BUILT_PRODUCTS_DIR)/DoctorBeaver.app/DoctorBeaver";
			};
			name = Debug;
		};
		6203727C1C66930400352617 /* Release */ = {
			isa = XCBuildConfiguration;
			buildSettings = {
				BUNDLE_LOADER = "$(TEST_HOST)";
				INFOPLIST_FILE = DoctorBeaverTests/Info.plist;
				LD_RUNPATH_SEARCH_PATHS = "$(inherited) @executable_path/Frameworks @loader_path/Frameworks";
				PRODUCT_BUNDLE_IDENTIFIER = com.DoctorBeaverTests;
				PRODUCT_NAME = "$(TARGET_NAME)";
				TEST_HOST = "$(BUILT_PRODUCTS_DIR)/DoctorBeaver.app/DoctorBeaver";
			};
			name = Release;
		};
		6203727E1C66930400352617 /* Debug */ = {
			isa = XCBuildConfiguration;
			buildSettings = {
				INFOPLIST_FILE = DoctorBeaverUITests/Info.plist;
				LD_RUNPATH_SEARCH_PATHS = "$(inherited) @executable_path/Frameworks @loader_path/Frameworks";
				PRODUCT_BUNDLE_IDENTIFIER = com.DoctorBeaverUITests;
				PRODUCT_NAME = "$(TARGET_NAME)";
				TEST_TARGET_NAME = DoctorBeaver;
				USES_XCTRUNNER = YES;
			};
			name = Debug;
		};
		6203727F1C66930400352617 /* Release */ = {
			isa = XCBuildConfiguration;
			buildSettings = {
				INFOPLIST_FILE = DoctorBeaverUITests/Info.plist;
				LD_RUNPATH_SEARCH_PATHS = "$(inherited) @executable_path/Frameworks @loader_path/Frameworks";
				PRODUCT_BUNDLE_IDENTIFIER = com.DoctorBeaverUITests;
				PRODUCT_NAME = "$(TARGET_NAME)";
				TEST_TARGET_NAME = DoctorBeaver;
				USES_XCTRUNNER = YES;
			};
			name = Release;
		};
/* End XCBuildConfiguration section */

/* Begin XCConfigurationList section */
		620372471C66930300352617 /* Build configuration list for PBXProject "DoctorBeaver" */ = {
			isa = XCConfigurationList;
			buildConfigurations = (
				620372751C66930400352617 /* Debug */,
				620372761C66930400352617 /* Release */,
			);
			defaultConfigurationIsVisible = 0;
			defaultConfigurationName = Release;
		};
		620372771C66930400352617 /* Build configuration list for PBXNativeTarget "DoctorBeaver" */ = {
			isa = XCConfigurationList;
			buildConfigurations = (
				620372781C66930400352617 /* Debug */,
				620372791C66930400352617 /* Release */,
			);
			defaultConfigurationIsVisible = 0;
			defaultConfigurationName = Release;
		};
		6203727A1C66930400352617 /* Build configuration list for PBXNativeTarget "DoctorBeaverTests" */ = {
			isa = XCConfigurationList;
			buildConfigurations = (
				6203727B1C66930400352617 /* Debug */,
				6203727C1C66930400352617 /* Release */,
			);
			defaultConfigurationIsVisible = 0;
			defaultConfigurationName = Release;
		};
		6203727D1C66930400352617 /* Build configuration list for PBXNativeTarget "DoctorBeaverUITests" */ = {
			isa = XCConfigurationList;
			buildConfigurations = (
				6203727E1C66930400352617 /* Debug */,
				6203727F1C66930400352617 /* Release */,
			);
			defaultConfigurationIsVisible = 0;
			defaultConfigurationName = Release;
		};
/* End XCConfigurationList section */

/* Begin XCVersionGroup section */
		628E3CC71C975947000C122A /* DoctorBeaver.xcdatamodeld */ = {
			isa = XCVersionGroup;
			children = (
				628E3CC81C975947000C122A /* DoctorBeaver.xcdatamodel */,
			);
			currentVersion = 628E3CC81C975947000C122A /* DoctorBeaver.xcdatamodel */;
			path = DoctorBeaver.xcdatamodeld;
			sourceTree = "<group>";
			versionGroupType = wrapper.xcdatamodel;
		};
/* End XCVersionGroup section */
	};
	rootObject = 620372441C66930300352617 /* Project object */;
}
